
Microsoft Visual Studio Solution File, Format Version 12.00
# Visual Studio 15
VisualStudioVersion = 15.0.26730.16
MinimumVisualStudioVersion = 10.0.40219.1
Project("{FAE04EC0-301F-11D3-BF4B-00C04F79EFBC}") = "JenkinsT", "JenkinsT\JenkinsT.csproj", "{A5DFCBE1-9EBB-46A9-855F-8D085563DAD1}"
EndProject
Global
	GlobalSection(SolutionConfigurationPlatforms) = preSolution
		Debug|Any CPU = Debug|Any CPU
		Release|Any CPU = Release|Any CPU
	EndGlobalSection
	GlobalSection(ProjectConfigurationPlatforms) = postSolution
		{A5DFCBE1-9EBB-46A9-855F-8D085563DAD1}.Debug|Any CPU.ActiveCfg = Debug|Any CPU
		{A5DFCBE1-9EBB-46A9-855F-8D085563DAD1}.Debug|Any CPU.Build.0 = Debug|Any CPU
		{A5DFCBE1-9EBB-46A9-855F-8D085563DAD1}.Release|Any CPU.ActiveCfg = Release|Any CPU
		{A5DFCBE1-9EBB-46A9-855F-8D085563DAD1}.Release|Any CPU.Build.0 = Release|Any CPU
	EndGlobalSection
	GlobalSection(SolutionProperties) = preSolution
		HideSolutionNode = FALSE
	EndGlobalSection
	GlobalSection(ExtensibilityGlobals) = postSolution
		SolutionGuid = {6728CFB1-4979-45DC-BE45-D41E33F55072}
	EndGlobalSection
EndGlobal
